// !$*UTF8*$!
{
	archiveVersion = 1;
	classes = {
	};
	objectVersion = 51;
	objects = {

/* Begin PBXBuildFile section */
		4F23BBE425E1A205005EB487 /* PokedexService.swift in Sources */ = {isa = PBXBuildFile; fileRef = 4F23BBE325E1A205005EB487 /* PokedexService.swift */; };
		4F23BBEA25E1A39B005EB487 /* Region.swift in Sources */ = {isa = PBXBuildFile; fileRef = 4F23BBE925E1A39B005EB487 /* Region.swift */; };
		4F23BC2525E1ABC8005EB487 /* Pokedex.storyboard in Resources */ = {isa = PBXBuildFile; fileRef = 4F23BC2425E1ABC8005EB487 /* Pokedex.storyboard */; };
		4F23BC2B25E1DD6D005EB487 /* PokedexTableViewController.swift in Sources */ = {isa = PBXBuildFile; fileRef = 4F23BC2A25E1DD6D005EB487 /* PokedexTableViewController.swift */; };
		4F23BC3325E334AC005EB487 /* AddPokedexViewController.swift in Sources */ = {isa = PBXBuildFile; fileRef = 4F23BC3225E334AC005EB487 /* AddPokedexViewController.swift */; };
		4F23BC3825E33787005EB487 /* ImagePicker.swift in Sources */ = {isa = PBXBuildFile; fileRef = 4F23BC3725E33787005EB487 /* ImagePicker.swift */; };
		4F23BC5425E36408005EB487 /* Pokedex.swift in Sources */ = {isa = PBXBuildFile; fileRef = 4F23BC5325E36408005EB487 /* Pokedex.swift */; };
		4F23BC7925E40744005EB487 /* RegionDetail.swift in Sources */ = {isa = PBXBuildFile; fileRef = 4F23BC7825E40744005EB487 /* RegionDetail.swift */; };
		4F23BC7E25E41250005EB487 /* Location.swift in Sources */ = {isa = PBXBuildFile; fileRef = 4F23BC7D25E41250005EB487 /* Location.swift */; };
		4F23BC8325E41517005EB487 /* PokemonArea.swift in Sources */ = {isa = PBXBuildFile; fileRef = 4F23BC8225E41517005EB487 /* PokemonArea.swift */; };
		4F23BC8B25E41A6D005EB487 /* PokemonPickerViewController.swift in Sources */ = {isa = PBXBuildFile; fileRef = 4F23BC8A25E41A6D005EB487 /* PokemonPickerViewController.swift */; };
		4F909CA525E01B68001B57C0 /* AppDelegate.swift in Sources */ = {isa = PBXBuildFile; fileRef = 4F909CA425E01B68001B57C0 /* AppDelegate.swift */; };
		4F909CA725E01B68001B57C0 /* SceneDelegate.swift in Sources */ = {isa = PBXBuildFile; fileRef = 4F909CA625E01B68001B57C0 /* SceneDelegate.swift */; };
		4F909CA925E01B68001B57C0 /* ViewController.swift in Sources */ = {isa = PBXBuildFile; fileRef = 4F909CA825E01B68001B57C0 /* ViewController.swift */; };
		4F909CAC25E01B68001B57C0 /* Main.storyboard in Resources */ = {isa = PBXBuildFile; fileRef = 4F909CAA25E01B68001B57C0 /* Main.storyboard */; };
		4F909CAE25E01B69001B57C0 /* Assets.xcassets in Resources */ = {isa = PBXBuildFile; fileRef = 4F909CAD25E01B69001B57C0 /* Assets.xcassets */; };
		4F909CB125E01B69001B57C0 /* LaunchScreen.storyboard in Resources */ = {isa = PBXBuildFile; fileRef = 4F909CAF25E01B69001B57C0 /* LaunchScreen.storyboard */; };
		4F909CBC25E01B69001B57C0 /* PokedexTests.swift in Sources */ = {isa = PBXBuildFile; fileRef = 4F909CBB25E01B69001B57C0 /* PokedexTests.swift */; };
		4F909CC725E01B69001B57C0 /* PokedexUITests.swift in Sources */ = {isa = PBXBuildFile; fileRef = 4F909CC625E01B69001B57C0 /* PokedexUITests.swift */; };
		4FD1EDC125E01D9400B1E393 /* GoogleService-Info.plist in Resources */ = {isa = PBXBuildFile; fileRef = 4FD1EDC025E01D9400B1E393 /* GoogleService-Info.plist */; };
		4FD1EDCD25E01F2100B1E393 /* Constants.swift in Sources */ = {isa = PBXBuildFile; fileRef = 4FD1EDCC25E01F2100B1E393 /* Constants.swift */; };
		4FD1EDEB25E02AAC00B1E393 /* SignupViewController.swift in Sources */ = {isa = PBXBuildFile; fileRef = 4FD1EDEA25E02AAC00B1E393 /* SignupViewController.swift */; };
		4FD1EE0225E02F2A00B1E393 /* Helpers.swift in Sources */ = {isa = PBXBuildFile; fileRef = 4FD1EE0125E02F2A00B1E393 /* Helpers.swift */; };
		4FD1EE0825E0579C00B1E393 /* LoadingButton.swift in Sources */ = {isa = PBXBuildFile; fileRef = 4FD1EE0725E0579C00B1E393 /* LoadingButton.swift */; };
		4FD1EE1025E058F000B1E393 /* Extensions.swift in Sources */ = {isa = PBXBuildFile; fileRef = 4FD1EE0F25E058F000B1E393 /* Extensions.swift */; };
		4FD1EE1525E05BAC00B1E393 /* Home.storyboard in Resources */ = {isa = PBXBuildFile; fileRef = 4FD1EE1425E05BAC00B1E393 /* Home.storyboard */; };
		4FD1EE1B25E05C6600B1E393 /* HomeViewController.swift in Sources */ = {isa = PBXBuildFile; fileRef = 4FD1EE1A25E05C6600B1E393 /* HomeViewController.swift */; };
		4FD1EE2425E05CF900B1E393 /* AuthenticationService.swift in Sources */ = {isa = PBXBuildFile; fileRef = 4FD1EE2325E05CF900B1E393 /* AuthenticationService.swift */; };
		4FE3708E25E0783400B084DB /* ForgotPasswordViewController.swift in Sources */ = {isa = PBXBuildFile; fileRef = 4FE3708D25E0783400B084DB /* ForgotPasswordViewController.swift */; };
		A4E0164534492355D960697E /* Pods_Pokedex.framework in Frameworks */ = {isa = PBXBuildFile; fileRef = 1EC302DB8C492F323D132FDC /* Pods_Pokedex.framework */; };
		ABD65BEA383DC8EEA0C8DC79 /* Pods_PokedexTests.framework in Frameworks */ = {isa = PBXBuildFile; fileRef = 4506362BAC60527E84B4841C /* Pods_PokedexTests.framework */; };
		F118E4066BDBA8179AC3A0A1 /* Pods_Pokedex_PokedexUITests.framework in Frameworks */ = {isa = PBXBuildFile; fileRef = 137900AE015C85F4C68454D4 /* Pods_Pokedex_PokedexUITests.framework */; };
/* End PBXBuildFile section */

/* Begin PBXContainerItemProxy section */
		4F909CB825E01B69001B57C0 /* PBXContainerItemProxy */ = {
			isa = PBXContainerItemProxy;
			containerPortal = 4F909C9925E01B68001B57C0 /* Project object */;
			proxyType = 1;
			remoteGlobalIDString = 4F909CA025E01B68001B57C0;
			remoteInfo = Pokedex;
		};
		4F909CC325E01B69001B57C0 /* PBXContainerItemProxy */ = {
			isa = PBXContainerItemProxy;
			containerPortal = 4F909C9925E01B68001B57C0 /* Project object */;
			proxyType = 1;
			remoteGlobalIDString = 4F909CA025E01B68001B57C0;
			remoteInfo = Pokedex;
		};
/* End PBXContainerItemProxy section */

/* Begin PBXFileReference section */
		137900AE015C85F4C68454D4 /* Pods_Pokedex_PokedexUITests.framework */ = {isa = PBXFileReference; explicitFileType = wrapper.framework; includeInIndex = 0; path = Pods_Pokedex_PokedexUITests.framework; sourceTree = BUILT_PRODUCTS_DIR; };
		1A071FCD95FBAFEEB171EC02 /* Pods-Pokedex-PokedexUITests.release.xcconfig */ = {isa = PBXFileReference; includeInIndex = 1; lastKnownFileType = text.xcconfig; name = "Pods-Pokedex-PokedexUITests.release.xcconfig"; path = "Target Support Files/Pods-Pokedex-PokedexUITests/Pods-Pokedex-PokedexUITests.release.xcconfig"; sourceTree = "<group>"; };
		1EC302DB8C492F323D132FDC /* Pods_Pokedex.framework */ = {isa = PBXFileReference; explicitFileType = wrapper.framework; includeInIndex = 0; path = Pods_Pokedex.framework; sourceTree = BUILT_PRODUCTS_DIR; };
		2FDC91FBC091465B87BA9B52 /* Pods-PokedexTests.release.xcconfig */ = {isa = PBXFileReference; includeInIndex = 1; lastKnownFileType = text.xcconfig; name = "Pods-PokedexTests.release.xcconfig"; path = "Target Support Files/Pods-PokedexTests/Pods-PokedexTests.release.xcconfig"; sourceTree = "<group>"; };
		4506362BAC60527E84B4841C /* Pods_PokedexTests.framework */ = {isa = PBXFileReference; explicitFileType = wrapper.framework; includeInIndex = 0; path = Pods_PokedexTests.framework; sourceTree = BUILT_PRODUCTS_DIR; };
		4F23BBE325E1A205005EB487 /* PokedexService.swift */ = {isa = PBXFileReference; lastKnownFileType = sourcecode.swift; path = PokedexService.swift; sourceTree = "<group>"; };
		4F23BBE925E1A39B005EB487 /* Region.swift */ = {isa = PBXFileReference; lastKnownFileType = sourcecode.swift; path = Region.swift; sourceTree = "<group>"; };
		4F23BC2425E1ABC8005EB487 /* Pokedex.storyboard */ = {isa = PBXFileReference; lastKnownFileType = file.storyboard; path = Pokedex.storyboard; sourceTree = "<group>"; };
		4F23BC2A25E1DD6D005EB487 /* PokedexTableViewController.swift */ = {isa = PBXFileReference; lastKnownFileType = sourcecode.swift; path = PokedexTableViewController.swift; sourceTree = "<group>"; };
		4F23BC3225E334AC005EB487 /* AddPokedexViewController.swift */ = {isa = PBXFileReference; lastKnownFileType = sourcecode.swift; path = AddPokedexViewController.swift; sourceTree = "<group>"; };
		4F23BC3725E33787005EB487 /* ImagePicker.swift */ = {isa = PBXFileReference; lastKnownFileType = sourcecode.swift; path = ImagePicker.swift; sourceTree = "<group>"; };
		4F23BC5325E36408005EB487 /* Pokedex.swift */ = {isa = PBXFileReference; lastKnownFileType = sourcecode.swift; path = Pokedex.swift; sourceTree = "<group>"; };
		4F23BC7825E40744005EB487 /* RegionDetail.swift */ = {isa = PBXFileReference; lastKnownFileType = sourcecode.swift; path = RegionDetail.swift; sourceTree = "<group>"; };
		4F23BC7D25E41250005EB487 /* Location.swift */ = {isa = PBXFileReference; lastKnownFileType = sourcecode.swift; path = Location.swift; sourceTree = "<group>"; };
		4F23BC8225E41517005EB487 /* PokemonArea.swift */ = {isa = PBXFileReference; lastKnownFileType = sourcecode.swift; path = PokemonArea.swift; sourceTree = "<group>"; };
		4F23BC8A25E41A6D005EB487 /* PokemonPickerViewController.swift */ = {isa = PBXFileReference; lastKnownFileType = sourcecode.swift; path = PokemonPickerViewController.swift; sourceTree = "<group>"; };
		4F909CA125E01B68001B57C0 /* Pokedex.app */ = {isa = PBXFileReference; explicitFileType = wrapper.application; includeInIndex = 0; path = Pokedex.app; sourceTree = BUILT_PRODUCTS_DIR; };
		4F909CA425E01B68001B57C0 /* AppDelegate.swift */ = {isa = PBXFileReference; lastKnownFileType = sourcecode.swift; path = AppDelegate.swift; sourceTree = "<group>"; };
		4F909CA625E01B68001B57C0 /* SceneDelegate.swift */ = {isa = PBXFileReference; lastKnownFileType = sourcecode.swift; path = SceneDelegate.swift; sourceTree = "<group>"; };
		4F909CA825E01B68001B57C0 /* ViewController.swift */ = {isa = PBXFileReference; lastKnownFileType = sourcecode.swift; path = ViewController.swift; sourceTree = "<group>"; };
		4F909CAB25E01B68001B57C0 /* Base */ = {isa = PBXFileReference; lastKnownFileType = file.storyboard; name = Base; path = Base.lproj/Main.storyboard; sourceTree = "<group>"; };
		4F909CAD25E01B69001B57C0 /* Assets.xcassets */ = {isa = PBXFileReference; lastKnownFileType = folder.assetcatalog; path = Assets.xcassets; sourceTree = "<group>"; };
		4F909CB025E01B69001B57C0 /* Base */ = {isa = PBXFileReference; lastKnownFileType = file.storyboard; name = Base; path = Base.lproj/LaunchScreen.storyboard; sourceTree = "<group>"; };
		4F909CB225E01B69001B57C0 /* Info.plist */ = {isa = PBXFileReference; lastKnownFileType = text.plist.xml; path = Info.plist; sourceTree = "<group>"; };
		4F909CB725E01B69001B57C0 /* PokedexTests.xctest */ = {isa = PBXFileReference; explicitFileType = wrapper.cfbundle; includeInIndex = 0; path = PokedexTests.xctest; sourceTree = BUILT_PRODUCTS_DIR; };
		4F909CBB25E01B69001B57C0 /* PokedexTests.swift */ = {isa = PBXFileReference; lastKnownFileType = sourcecode.swift; path = PokedexTests.swift; sourceTree = "<group>"; };
		4F909CBD25E01B69001B57C0 /* Info.plist */ = {isa = PBXFileReference; lastKnownFileType = text.plist.xml; path = Info.plist; sourceTree = "<group>"; };
		4F909CC225E01B69001B57C0 /* PokedexUITests.xctest */ = {isa = PBXFileReference; explicitFileType = wrapper.cfbundle; includeInIndex = 0; path = PokedexUITests.xctest; sourceTree = BUILT_PRODUCTS_DIR; };
		4F909CC625E01B69001B57C0 /* PokedexUITests.swift */ = {isa = PBXFileReference; lastKnownFileType = sourcecode.swift; path = PokedexUITests.swift; sourceTree = "<group>"; };
		4F909CC825E01B69001B57C0 /* Info.plist */ = {isa = PBXFileReference; lastKnownFileType = text.plist.xml; path = Info.plist; sourceTree = "<group>"; };
		4FD1EDC025E01D9400B1E393 /* GoogleService-Info.plist */ = {isa = PBXFileReference; fileEncoding = 4; lastKnownFileType = text.plist.xml; path = "GoogleService-Info.plist"; sourceTree = "<group>"; };
		4FD1EDCC25E01F2100B1E393 /* Constants.swift */ = {isa = PBXFileReference; lastKnownFileType = sourcecode.swift; path = Constants.swift; sourceTree = "<group>"; };
		4FD1EDD325E0240700B1E393 /* circular-bold.otf */ = {isa = PBXFileReference; lastKnownFileType = file; path = "circular-bold.otf"; sourceTree = "<group>"; };
		4FD1EDD425E0240700B1E393 /* circular-book.otf */ = {isa = PBXFileReference; lastKnownFileType = file; path = "circular-book.otf"; sourceTree = "<group>"; };
		4FD1EDD525E0240D00B1E393 /* Pokemon Solid.ttf */ = {isa = PBXFileReference; lastKnownFileType = file; path = "Pokemon Solid.ttf"; sourceTree = "<group>"; };
		4FD1EDD625E0240D00B1E393 /* Pokemon Hollow.ttf */ = {isa = PBXFileReference; lastKnownFileType = file; path = "Pokemon Hollow.ttf"; sourceTree = "<group>"; };
		4FD1EDEA25E02AAC00B1E393 /* SignupViewController.swift */ = {isa = PBXFileReference; lastKnownFileType = sourcecode.swift; path = SignupViewController.swift; sourceTree = "<group>"; };
		4FD1EE0125E02F2A00B1E393 /* Helpers.swift */ = {isa = PBXFileReference; lastKnownFileType = sourcecode.swift; path = Helpers.swift; sourceTree = "<group>"; };
		4FD1EE0725E0579C00B1E393 /* LoadingButton.swift */ = {isa = PBXFileReference; lastKnownFileType = sourcecode.swift; path = LoadingButton.swift; sourceTree = "<group>"; };
		4FD1EE0F25E058F000B1E393 /* Extensions.swift */ = {isa = PBXFileReference; lastKnownFileType = sourcecode.swift; path = Extensions.swift; sourceTree = "<group>"; };
		4FD1EE1425E05BAC00B1E393 /* Home.storyboard */ = {isa = PBXFileReference; lastKnownFileType = file.storyboard; path = Home.storyboard; sourceTree = "<group>"; };
		4FD1EE1A25E05C6600B1E393 /* HomeViewController.swift */ = {isa = PBXFileReference; lastKnownFileType = sourcecode.swift; path = HomeViewController.swift; sourceTree = "<group>"; };
		4FD1EE2325E05CF900B1E393 /* AuthenticationService.swift */ = {isa = PBXFileReference; lastKnownFileType = sourcecode.swift; path = AuthenticationService.swift; sourceTree = "<group>"; };
		4FE3708D25E0783400B084DB /* ForgotPasswordViewController.swift */ = {isa = PBXFileReference; lastKnownFileType = sourcecode.swift; path = ForgotPasswordViewController.swift; sourceTree = "<group>"; };
		70BD89BC0D6FD032AAC0DBDD /* Pods-Pokedex-PokedexUITests.debug.xcconfig */ = {isa = PBXFileReference; includeInIndex = 1; lastKnownFileType = text.xcconfig; name = "Pods-Pokedex-PokedexUITests.debug.xcconfig"; path = "Target Support Files/Pods-Pokedex-PokedexUITests/Pods-Pokedex-PokedexUITests.debug.xcconfig"; sourceTree = "<group>"; };
		77C17010879747F463B78E2B /* Pods-Pokedex.debug.xcconfig */ = {isa = PBXFileReference; includeInIndex = 1; lastKnownFileType = text.xcconfig; name = "Pods-Pokedex.debug.xcconfig"; path = "Target Support Files/Pods-Pokedex/Pods-Pokedex.debug.xcconfig"; sourceTree = "<group>"; };
		9E8055FCA7CF08522C1BC553 /* Pods-PokedexTests.debug.xcconfig */ = {isa = PBXFileReference; includeInIndex = 1; lastKnownFileType = text.xcconfig; name = "Pods-PokedexTests.debug.xcconfig"; path = "Target Support Files/Pods-PokedexTests/Pods-PokedexTests.debug.xcconfig"; sourceTree = "<group>"; };
		F2BB4D0DFE3830E1B0D871CA /* Pods-Pokedex.release.xcconfig */ = {isa = PBXFileReference; includeInIndex = 1; lastKnownFileType = text.xcconfig; name = "Pods-Pokedex.release.xcconfig"; path = "Target Support Files/Pods-Pokedex/Pods-Pokedex.release.xcconfig"; sourceTree = "<group>"; };
/* End PBXFileReference section */

/* Begin PBXFrameworksBuildPhase section */
		4F909C9E25E01B68001B57C0 /* Frameworks */ = {
			isa = PBXFrameworksBuildPhase;
			buildActionMask = 2147483647;
			files = (
				A4E0164534492355D960697E /* Pods_Pokedex.framework in Frameworks */,
			);
			runOnlyForDeploymentPostprocessing = 0;
		};
		4F909CB425E01B69001B57C0 /* Frameworks */ = {
			isa = PBXFrameworksBuildPhase;
			buildActionMask = 2147483647;
			files = (
				ABD65BEA383DC8EEA0C8DC79 /* Pods_PokedexTests.framework in Frameworks */,
			);
			runOnlyForDeploymentPostprocessing = 0;
		};
		4F909CBF25E01B69001B57C0 /* Frameworks */ = {
			isa = PBXFrameworksBuildPhase;
			buildActionMask = 2147483647;
			files = (
				F118E4066BDBA8179AC3A0A1 /* Pods_Pokedex_PokedexUITests.framework in Frameworks */,
			);
			runOnlyForDeploymentPostprocessing = 0;
		};
/* End PBXFrameworksBuildPhase section */

/* Begin PBXGroup section */
		1AF4AC5EF9758956201A5243 /* Pods */ = {
			isa = PBXGroup;
			children = (
				77C17010879747F463B78E2B /* Pods-Pokedex.debug.xcconfig */,
				F2BB4D0DFE3830E1B0D871CA /* Pods-Pokedex.release.xcconfig */,
				70BD89BC0D6FD032AAC0DBDD /* Pods-Pokedex-PokedexUITests.debug.xcconfig */,
				1A071FCD95FBAFEEB171EC02 /* Pods-Pokedex-PokedexUITests.release.xcconfig */,
				9E8055FCA7CF08522C1BC553 /* Pods-PokedexTests.debug.xcconfig */,
				2FDC91FBC091465B87BA9B52 /* Pods-PokedexTests.release.xcconfig */,
			);
			path = Pods;
			sourceTree = "<group>";
		};
		4F23BBE825E1A379005EB487 /* Home */ = {
			isa = PBXGroup;
			children = (
				4F23BBE925E1A39B005EB487 /* Region.swift */,
				4F23BC7825E40744005EB487 /* RegionDetail.swift */,
				4F23BC7D25E41250005EB487 /* Location.swift */,
			);
			path = Home;
			sourceTree = "<group>";
		};
		4F23BC2925E1DD46005EB487 /* Pokedex */ = {
			isa = PBXGroup;
			children = (
				4F23BC2A25E1DD6D005EB487 /* PokedexTableViewController.swift */,
				4F23BC3225E334AC005EB487 /* AddPokedexViewController.swift */,
				4F23BC8A25E41A6D005EB487 /* PokemonPickerViewController.swift */,
			);
			path = Pokedex;
			sourceTree = "<group>";
		};
		4F23BC5225E363FD005EB487 /* Pokedex */ = {
			isa = PBXGroup;
			children = (
				4F23BC5325E36408005EB487 /* Pokedex.swift */,
				4F23BC8225E41517005EB487 /* PokemonArea.swift */,
			);
			path = Pokedex;
			sourceTree = "<group>";
		};
		4F909C9825E01B68001B57C0 = {
			isa = PBXGroup;
			children = (
				4F909CA325E01B68001B57C0 /* Pokedex */,
				4F909CBA25E01B69001B57C0 /* PokedexTests */,
				4F909CC525E01B69001B57C0 /* PokedexUITests */,
				4F909CA225E01B68001B57C0 /* Products */,
				1AF4AC5EF9758956201A5243 /* Pods */,
				DEE2EFAA8775128F3C19DB8B /* Frameworks */,
			);
			sourceTree = "<group>";
		};
		4F909CA225E01B68001B57C0 /* Products */ = {
			isa = PBXGroup;
			children = (
				4F909CA125E01B68001B57C0 /* Pokedex.app */,
				4F909CB725E01B69001B57C0 /* PokedexTests.xctest */,
				4F909CC225E01B69001B57C0 /* PokedexUITests.xctest */,
			);
			name = Products;
			sourceTree = "<group>";
		};
		4F909CA325E01B68001B57C0 /* Pokedex */ = {
			isa = PBXGroup;
			children = (
				4FD1EDC525E01E6500B1E393 /* Model */,
				4FD1EDC625E01E7100B1E393 /* View */,
				4FD1EDC725E01E7A00B1E393 /* ViewModel */,
				4FD1EE2225E05CEB00B1E393 /* Services */,
				4FD1EDCB25E01F1300B1E393 /* Utils */,
				4FD1EDD125E023F400B1E393 /* Resources */,
				4F909CA425E01B68001B57C0 /* AppDelegate.swift */,
				4F909CA625E01B68001B57C0 /* SceneDelegate.swift */,
				4F909CAD25E01B69001B57C0 /* Assets.xcassets */,
				4F909CAF25E01B69001B57C0 /* LaunchScreen.storyboard */,
				4F909CB225E01B69001B57C0 /* Info.plist */,
				4FD1EDC025E01D9400B1E393 /* GoogleService-Info.plist */,
			);
			path = Pokedex;
			sourceTree = "<group>";
		};
		4F909CBA25E01B69001B57C0 /* PokedexTests */ = {
			isa = PBXGroup;
			children = (
				4F909CBB25E01B69001B57C0 /* PokedexTests.swift */,
				4F909CBD25E01B69001B57C0 /* Info.plist */,
			);
			path = PokedexTests;
			sourceTree = "<group>";
		};
		4F909CC525E01B69001B57C0 /* PokedexUITests */ = {
			isa = PBXGroup;
			children = (
				4F909CC625E01B69001B57C0 /* PokedexUITests.swift */,
				4F909CC825E01B69001B57C0 /* Info.plist */,
			);
			path = PokedexUITests;
			sourceTree = "<group>";
		};
		4FD1EDC525E01E6500B1E393 /* Model */ = {
			isa = PBXGroup;
			children = (
				4F23BBE825E1A379005EB487 /* Home */,
				4F23BC5225E363FD005EB487 /* Pokedex */,
			);
			path = Model;
			sourceTree = "<group>";
		};
		4FD1EDC625E01E7100B1E393 /* View */ = {
			isa = PBXGroup;
			children = (
				4FD1EE0625E0578F00B1E393 /* CustomViews */,
				4FD1EDC825E01EF100B1E393 /* Storyboards */,
				4FD1EDC925E01EF700B1E393 /* Controllers */,
			);
			path = View;
			sourceTree = "<group>";
		};
		4FD1EDC725E01E7A00B1E393 /* ViewModel */ = {
			isa = PBXGroup;
			children = (
			);
			path = ViewModel;
			sourceTree = "<group>";
		};
		4FD1EDC825E01EF100B1E393 /* Storyboards */ = {
			isa = PBXGroup;
			children = (
				4F909CAA25E01B68001B57C0 /* Main.storyboard */,
				4FD1EE1425E05BAC00B1E393 /* Home.storyboard */,
				4F23BC2425E1ABC8005EB487 /* Pokedex.storyboard */,
			);
			path = Storyboards;
			sourceTree = "<group>";
		};
		4FD1EDC925E01EF700B1E393 /* Controllers */ = {
			isa = PBXGroup;
			children = (
				4FD1EDCA25E01F0800B1E393 /* Authentication */,
				4FD1EE1925E05C3B00B1E393 /* Home */,
				4F23BC2925E1DD46005EB487 /* Pokedex */,
			);
			path = Controllers;
			sourceTree = "<group>";
		};
		4FD1EDCA25E01F0800B1E393 /* Authentication */ = {
			isa = PBXGroup;
			children = (
				4F909CA825E01B68001B57C0 /* ViewController.swift */,
				4FD1EDEA25E02AAC00B1E393 /* SignupViewController.swift */,
				4FE3708D25E0783400B084DB /* ForgotPasswordViewController.swift */,
			);
			path = Authentication;
			sourceTree = "<group>";
		};
		4FD1EDCB25E01F1300B1E393 /* Utils */ = {
			isa = PBXGroup;
			children = (
				4FD1EDCC25E01F2100B1E393 /* Constants.swift */,
				4FD1EE0125E02F2A00B1E393 /* Helpers.swift */,
				4FD1EE0F25E058F000B1E393 /* Extensions.swift */,
			);
			path = Utils;
			sourceTree = "<group>";
		};
		4FD1EDD125E023F400B1E393 /* Resources */ = {
			isa = PBXGroup;
			children = (
				4FD1EDD325E0240700B1E393 /* circular-bold.otf */,
				4FD1EDD425E0240700B1E393 /* circular-book.otf */,
				4FD1EDD625E0240D00B1E393 /* Pokemon Hollow.ttf */,
				4FD1EDD525E0240D00B1E393 /* Pokemon Solid.ttf */,
			);
			path = Resources;
			sourceTree = "<group>";
		};
		4FD1EE0625E0578F00B1E393 /* CustomViews */ = {
			isa = PBXGroup;
			children = (
				4FD1EE0725E0579C00B1E393 /* LoadingButton.swift */,
			);
			path = CustomViews;
			sourceTree = "<group>";
		};
		4FD1EE1925E05C3B00B1E393 /* Home */ = {
			isa = PBXGroup;
			children = (
				4FD1EE1A25E05C6600B1E393 /* HomeViewController.swift */,
			);
			path = Home;
			sourceTree = "<group>";
		};
		4FD1EE2225E05CEB00B1E393 /* Services */ = {
			isa = PBXGroup;
			children = (
				4FD1EE2325E05CF900B1E393 /* AuthenticationService.swift */,
				4F23BBE325E1A205005EB487 /* PokedexService.swift */,
				4F23BC3725E33787005EB487 /* ImagePicker.swift */,
			);
			path = Services;
			sourceTree = "<group>";
		};
		DEE2EFAA8775128F3C19DB8B /* Frameworks */ = {
			isa = PBXGroup;
			children = (
				1EC302DB8C492F323D132FDC /* Pods_Pokedex.framework */,
				137900AE015C85F4C68454D4 /* Pods_Pokedex_PokedexUITests.framework */,
				4506362BAC60527E84B4841C /* Pods_PokedexTests.framework */,
			);
			name = Frameworks;
			sourceTree = "<group>";
		};
/* End PBXGroup section */

/* Begin PBXNativeTarget section */
		4F909CA025E01B68001B57C0 /* Pokedex */ = {
			isa = PBXNativeTarget;
			buildConfigurationList = 4F909CCB25E01B69001B57C0 /* Build configuration list for PBXNativeTarget "Pokedex" */;
			buildPhases = (
				FE6DCFD50533CAB697365AC2 /* [CP] Check Pods Manifest.lock */,
				4F909C9D25E01B68001B57C0 /* Sources */,
				4F909C9E25E01B68001B57C0 /* Frameworks */,
				4F909C9F25E01B68001B57C0 /* Resources */,
				4ABFFF1917F69B09FFD06D8B /* [CP] Embed Pods Frameworks */,
				4F23BCA725E429C8005EB487 /* ShellScript */,
			);
			buildRules = (
			);
			dependencies = (
			);
			name = Pokedex;
			productName = Pokedex;
			productReference = 4F909CA125E01B68001B57C0 /* Pokedex.app */;
			productType = "com.apple.product-type.application";
		};
		4F909CB625E01B69001B57C0 /* PokedexTests */ = {
			isa = PBXNativeTarget;
			buildConfigurationList = 4F909CCE25E01B69001B57C0 /* Build configuration list for PBXNativeTarget "PokedexTests" */;
			buildPhases = (
				04476D14E1F7B429257F225E /* [CP] Check Pods Manifest.lock */,
				4F909CB325E01B69001B57C0 /* Sources */,
				4F909CB425E01B69001B57C0 /* Frameworks */,
				4F909CB525E01B69001B57C0 /* Resources */,
			);
			buildRules = (
			);
			dependencies = (
				4F909CB925E01B69001B57C0 /* PBXTargetDependency */,
			);
			name = PokedexTests;
			productName = PokedexTests;
			productReference = 4F909CB725E01B69001B57C0 /* PokedexTests.xctest */;
			productType = "com.apple.product-type.bundle.unit-test";
		};
		4F909CC125E01B69001B57C0 /* PokedexUITests */ = {
			isa = PBXNativeTarget;
			buildConfigurationList = 4F909CD125E01B69001B57C0 /* Build configuration list for PBXNativeTarget "PokedexUITests" */;
			buildPhases = (
				B4037D66BBA534492A5556DC /* [CP] Check Pods Manifest.lock */,
				4F909CBE25E01B69001B57C0 /* Sources */,
				4F909CBF25E01B69001B57C0 /* Frameworks */,
				4F909CC025E01B69001B57C0 /* Resources */,
				E060FFB32CAD1A5A403E8F7B /* [CP] Embed Pods Frameworks */,
			);
			buildRules = (
			);
			dependencies = (
				4F909CC425E01B69001B57C0 /* PBXTargetDependency */,
			);
			name = PokedexUITests;
			productName = PokedexUITests;
			productReference = 4F909CC225E01B69001B57C0 /* PokedexUITests.xctest */;
			productType = "com.apple.product-type.bundle.ui-testing";
		};
/* End PBXNativeTarget section */

/* Begin PBXProject section */
		4F909C9925E01B68001B57C0 /* Project object */ = {
			isa = PBXProject;
			attributes = {
				LastSwiftUpdateCheck = 1240;
				LastUpgradeCheck = 1240;
				TargetAttributes = {
					4F909CA025E01B68001B57C0 = {
						CreatedOnToolsVersion = 12.4;
					};
					4F909CB625E01B69001B57C0 = {
						CreatedOnToolsVersion = 12.4;
						TestTargetID = 4F909CA025E01B68001B57C0;
					};
					4F909CC125E01B69001B57C0 = {
						CreatedOnToolsVersion = 12.4;
						TestTargetID = 4F909CA025E01B68001B57C0;
					};
				};
			};
			buildConfigurationList = 4F909C9C25E01B68001B57C0 /* Build configuration list for PBXProject "Pokedex" */;
			compatibilityVersion = "Xcode 9.3";
			developmentRegion = en;
			hasScannedForEncodings = 0;
			knownRegions = (
				en,
				Base,
			);
			mainGroup = 4F909C9825E01B68001B57C0;
			productRefGroup = 4F909CA225E01B68001B57C0 /* Products */;
			projectDirPath = "";
			projectRoot = "";
			targets = (
				4F909CA025E01B68001B57C0 /* Pokedex */,
				4F909CB625E01B69001B57C0 /* PokedexTests */,
				4F909CC125E01B69001B57C0 /* PokedexUITests */,
			);
		};
/* End PBXProject section */

/* Begin PBXResourcesBuildPhase section */
		4F909C9F25E01B68001B57C0 /* Resources */ = {
			isa = PBXResourcesBuildPhase;
			buildActionMask = 2147483647;
			files = (
				4F909CB125E01B69001B57C0 /* LaunchScreen.storyboard in Resources */,
				4FD1EE1525E05BAC00B1E393 /* Home.storyboard in Resources */,
				4FD1EDC125E01D9400B1E393 /* GoogleService-Info.plist in Resources */,
				4F23BC2525E1ABC8005EB487 /* Pokedex.storyboard in Resources */,
				4F909CAE25E01B69001B57C0 /* Assets.xcassets in Resources */,
				4F909CAC25E01B68001B57C0 /* Main.storyboard in Resources */,
			);
			runOnlyForDeploymentPostprocessing = 0;
		};
		4F909CB525E01B69001B57C0 /* Resources */ = {
			isa = PBXResourcesBuildPhase;
			buildActionMask = 2147483647;
			files = (
			);
			runOnlyForDeploymentPostprocessing = 0;
		};
		4F909CC025E01B69001B57C0 /* Resources */ = {
			isa = PBXResourcesBuildPhase;
			buildActionMask = 2147483647;
			files = (
			);
			runOnlyForDeploymentPostprocessing = 0;
		};
/* End PBXResourcesBuildPhase section */

/* Begin PBXShellScriptBuildPhase section */
		04476D14E1F7B429257F225E /* [CP] Check Pods Manifest.lock */ = {
			isa = PBXShellScriptBuildPhase;
			buildActionMask = 2147483647;
			files = (
			);
			inputFileListPaths = (
			);
			inputPaths = (
				"${PODS_PODFILE_DIR_PATH}/Podfile.lock",
				"${PODS_ROOT}/Manifest.lock",
			);
			name = "[CP] Check Pods Manifest.lock";
			outputFileListPaths = (
			);
			outputPaths = (
				"$(DERIVED_FILE_DIR)/Pods-PokedexTests-checkManifestLockResult.txt",
			);
			runOnlyForDeploymentPostprocessing = 0;
			shellPath = /bin/sh;
			shellScript = "diff \"${PODS_PODFILE_DIR_PATH}/Podfile.lock\" \"${PODS_ROOT}/Manifest.lock\" > /dev/null\nif [ $? != 0 ] ; then\n    # print error to STDERR\n    echo \"error: The sandbox is not in sync with the Podfile.lock. Run 'pod install' or update your CocoaPods installation.\" >&2\n    exit 1\nfi\n# This output is used by Xcode 'outputs' to avoid re-running this script phase.\necho \"SUCCESS\" > \"${SCRIPT_OUTPUT_FILE_0}\"\n";
			showEnvVarsInLog = 0;
		};
		4ABFFF1917F69B09FFD06D8B /* [CP] Embed Pods Frameworks */ = {
			isa = PBXShellScriptBuildPhase;
			buildActionMask = 2147483647;
			files = (
			);
			inputFileListPaths = (
				"${PODS_ROOT}/Target Support Files/Pods-Pokedex/Pods-Pokedex-frameworks-${CONFIGURATION}-input-files.xcfilelist",
			);
			name = "[CP] Embed Pods Frameworks";
			outputFileListPaths = (
				"${PODS_ROOT}/Target Support Files/Pods-Pokedex/Pods-Pokedex-frameworks-${CONFIGURATION}-output-files.xcfilelist",
			);
			runOnlyForDeploymentPostprocessing = 0;
			shellPath = /bin/sh;
			shellScript = "\"${PODS_ROOT}/Target Support Files/Pods-Pokedex/Pods-Pokedex-frameworks.sh\"\n";
			showEnvVarsInLog = 0;
		};
		4F23BCA725E429C8005EB487 /* ShellScript */ = {
			isa = PBXShellScriptBuildPhase;
			buildActionMask = 2147483647;
			files = (
			);
			inputFileListPaths = (
			);
			inputPaths = (
				"${DWARF_DSYM_FOLDER_PATH}/${DWARF_DSYM_FILE_NAME}/Contents/Resources/DWARF/${TARGET_NAME}",
			);
			outputFileListPaths = (
			);
			outputPaths = (
			);
			runOnlyForDeploymentPostprocessing = 0;
			shellPath = /bin/sh;
			shellScript = "# Type a script or drag a script file from your workspace to insert its path.\n\"${PODS_ROOT}/FirebaseCrashlytics/run\"\n";
		};
		B4037D66BBA534492A5556DC /* [CP] Check Pods Manifest.lock */ = {
			isa = PBXShellScriptBuildPhase;
			buildActionMask = 2147483647;
			files = (
			);
			inputFileListPaths = (
			);
			inputPaths = (
				"${PODS_PODFILE_DIR_PATH}/Podfile.lock",
				"${PODS_ROOT}/Manifest.lock",
			);
			name = "[CP] Check Pods Manifest.lock";
			outputFileListPaths = (
			);
			outputPaths = (
				"$(DERIVED_FILE_DIR)/Pods-Pokedex-PokedexUITests-checkManifestLockResult.txt",
			);
			runOnlyForDeploymentPostprocessing = 0;
			shellPath = /bin/sh;
			shellScript = "diff \"${PODS_PODFILE_DIR_PATH}/Podfile.lock\" \"${PODS_ROOT}/Manifest.lock\" > /dev/null\nif [ $? != 0 ] ; then\n    # print error to STDERR\n    echo \"error: The sandbox is not in sync with the Podfile.lock. Run 'pod install' or update your CocoaPods installation.\" >&2\n    exit 1\nfi\n# This output is used by Xcode 'outputs' to avoid re-running this script phase.\necho \"SUCCESS\" > \"${SCRIPT_OUTPUT_FILE_0}\"\n";
			showEnvVarsInLog = 0;
		};
		E060FFB32CAD1A5A403E8F7B /* [CP] Embed Pods Frameworks */ = {
			isa = PBXShellScriptBuildPhase;
			buildActionMask = 2147483647;
			files = (
			);
			inputFileListPaths = (
				"${PODS_ROOT}/Target Support Files/Pods-Pokedex-PokedexUITests/Pods-Pokedex-PokedexUITests-frameworks-${CONFIGURATION}-input-files.xcfilelist",
			);
			name = "[CP] Embed Pods Frameworks";
			outputFileListPaths = (
				"${PODS_ROOT}/Target Support Files/Pods-Pokedex-PokedexUITests/Pods-Pokedex-PokedexUITests-frameworks-${CONFIGURATION}-output-files.xcfilelist",
			);
			runOnlyForDeploymentPostprocessing = 0;
			shellPath = /bin/sh;
			shellScript = "\"${PODS_ROOT}/Target Support Files/Pods-Pokedex-PokedexUITests/Pods-Pokedex-PokedexUITests-frameworks.sh\"\n";
			showEnvVarsInLog = 0;
		};
		FE6DCFD50533CAB697365AC2 /* [CP] Check Pods Manifest.lock */ = {
			isa = PBXShellScriptBuildPhase;
			buildActionMask = 2147483647;
			files = (
			);
			inputFileListPaths = (
			);
			inputPaths = (
				"${PODS_PODFILE_DIR_PATH}/Podfile.lock",
				"${PODS_ROOT}/Manifest.lock",
			);
			name = "[CP] Check Pods Manifest.lock";
			outputFileListPaths = (
			);
			outputPaths = (
				"$(DERIVED_FILE_DIR)/Pods-Pokedex-checkManifestLockResult.txt",
			);
			runOnlyForDeploymentPostprocessing = 0;
			shellPath = /bin/sh;
			shellScript = "diff \"${PODS_PODFILE_DIR_PATH}/Podfile.lock\" \"${PODS_ROOT}/Manifest.lock\" > /dev/null\nif [ $? != 0 ] ; then\n    # print error to STDERR\n    echo \"error: The sandbox is not in sync with the Podfile.lock. Run 'pod install' or update your CocoaPods installation.\" >&2\n    exit 1\nfi\n# This output is used by Xcode 'outputs' to avoid re-running this script phase.\necho \"SUCCESS\" > \"${SCRIPT_OUTPUT_FILE_0}\"\n";
			showEnvVarsInLog = 0;
		};
/* End PBXShellScriptBuildPhase section */

/* Begin PBXSourcesBuildPhase section */
		4F909C9D25E01B68001B57C0 /* Sources */ = {
			isa = PBXSourcesBuildPhase;
			buildActionMask = 2147483647;
			files = (
				4F909CA925E01B68001B57C0 /* ViewController.swift in Sources */,
				4F23BC5425E36408005EB487 /* Pokedex.swift in Sources */,
				4FD1EE0825E0579C00B1E393 /* LoadingButton.swift in Sources */,
				4FE3708E25E0783400B084DB /* ForgotPasswordViewController.swift in Sources */,
				4FD1EE0225E02F2A00B1E393 /* Helpers.swift in Sources */,
				4F23BC8325E41517005EB487 /* PokemonArea.swift in Sources */,
				4F23BC3325E334AC005EB487 /* AddPokedexViewController.swift in Sources */,
				4F23BBE425E1A205005EB487 /* PokedexService.swift in Sources */,
				4F23BBEA25E1A39B005EB487 /* Region.swift in Sources */,
				4F23BC2B25E1DD6D005EB487 /* PokedexTableViewController.swift in Sources */,
				4F23BC8B25E41A6D005EB487 /* PokemonPickerViewController.swift in Sources */,
				4FD1EE1025E058F000B1E393 /* Extensions.swift in Sources */,
				4F909CA525E01B68001B57C0 /* AppDelegate.swift in Sources */,
				4FD1EE1B25E05C6600B1E393 /* HomeViewController.swift in Sources */,
				4FD1EDEB25E02AAC00B1E393 /* SignupViewController.swift in Sources */,
				4F909CA725E01B68001B57C0 /* SceneDelegate.swift in Sources */,
				4F23BC7E25E41250005EB487 /* Location.swift in Sources */,
				4F23BC3825E33787005EB487 /* ImagePicker.swift in Sources */,
				4FD1EDCD25E01F2100B1E393 /* Constants.swift in Sources */,
				4F23BC7925E40744005EB487 /* RegionDetail.swift in Sources */,
				4FD1EE2425E05CF900B1E393 /* AuthenticationService.swift in Sources */,
			);
			runOnlyForDeploymentPostprocessing = 0;
		};
		4F909CB325E01B69001B57C0 /* Sources */ = {
			isa = PBXSourcesBuildPhase;
			buildActionMask = 2147483647;
			files = (
				4F909CBC25E01B69001B57C0 /* PokedexTests.swift in Sources */,
			);
			runOnlyForDeploymentPostprocessing = 0;
		};
		4F909CBE25E01B69001B57C0 /* Sources */ = {
			isa = PBXSourcesBuildPhase;
			buildActionMask = 2147483647;
			files = (
				4F909CC725E01B69001B57C0 /* PokedexUITests.swift in Sources */,
			);
			runOnlyForDeploymentPostprocessing = 0;
		};
/* End PBXSourcesBuildPhase section */

/* Begin PBXTargetDependency section */
		4F909CB925E01B69001B57C0 /* PBXTargetDependency */ = {
			isa = PBXTargetDependency;
			target = 4F909CA025E01B68001B57C0 /* Pokedex */;
			targetProxy = 4F909CB825E01B69001B57C0 /* PBXContainerItemProxy */;
		};
		4F909CC425E01B69001B57C0 /* PBXTargetDependency */ = {
			isa = PBXTargetDependency;
			target = 4F909CA025E01B68001B57C0 /* Pokedex */;
			targetProxy = 4F909CC325E01B69001B57C0 /* PBXContainerItemProxy */;
		};
/* End PBXTargetDependency section */

/* Begin PBXVariantGroup section */
		4F909CAA25E01B68001B57C0 /* Main.storyboard */ = {
			isa = PBXVariantGroup;
			children = (
				4F909CAB25E01B68001B57C0 /* Base */,
			);
			name = Main.storyboard;
			sourceTree = "<group>";
		};
		4F909CAF25E01B69001B57C0 /* LaunchScreen.storyboard */ = {
			isa = PBXVariantGroup;
			children = (
				4F909CB025E01B69001B57C0 /* Base */,
			);
			name = LaunchScreen.storyboard;
			sourceTree = "<group>";
		};
/* End PBXVariantGroup section */

/* Begin XCBuildConfiguration section */
		4F909CC925E01B69001B57C0 /* Debug */ = {
			isa = XCBuildConfiguration;
			buildSettings = {
				ALWAYS_SEARCH_USER_PATHS = NO;
				CLANG_ANALYZER_NONNULL = YES;
				CLANG_ANALYZER_NUMBER_OBJECT_CONVERSION = YES_AGGRESSIVE;
				CLANG_CXX_LANGUAGE_STANDARD = "gnu++14";
				CLANG_CXX_LIBRARY = "libc++";
				CLANG_ENABLE_MODULES = YES;
				CLANG_ENABLE_OBJC_ARC = YES;
				CLANG_ENABLE_OBJC_WEAK = YES;
				CLANG_WARN_BLOCK_CAPTURE_AUTORELEASING = YES;
				CLANG_WARN_BOOL_CONVERSION = YES;
				CLANG_WARN_COMMA = YES;
				CLANG_WARN_CONSTANT_CONVERSION = YES;
				CLANG_WARN_DEPRECATED_OBJC_IMPLEMENTATIONS = YES;
				CLANG_WARN_DIRECT_OBJC_ISA_USAGE = YES_ERROR;
				CLANG_WARN_DOCUMENTATION_COMMENTS = YES;
				CLANG_WARN_EMPTY_BODY = YES;
				CLANG_WARN_ENUM_CONVERSION = YES;
				CLANG_WARN_INFINITE_RECURSION = YES;
				CLANG_WARN_INT_CONVERSION = YES;
				CLANG_WARN_NON_LITERAL_NULL_CONVERSION = YES;
				CLANG_WARN_OBJC_IMPLICIT_RETAIN_SELF = YES;
				CLANG_WARN_OBJC_LITERAL_CONVERSION = YES;
				CLANG_WARN_OBJC_ROOT_CLASS = YES_ERROR;
				CLANG_WARN_QUOTED_INCLUDE_IN_FRAMEWORK_HEADER = YES;
				CLANG_WARN_RANGE_LOOP_ANALYSIS = YES;
				CLANG_WARN_STRICT_PROTOTYPES = YES;
				CLANG_WARN_SUSPICIOUS_MOVE = YES;
				CLANG_WARN_UNGUARDED_AVAILABILITY = YES_AGGRESSIVE;
				CLANG_WARN_UNREACHABLE_CODE = YES;
				CLANG_WARN__DUPLICATE_METHOD_MATCH = YES;
				COPY_PHASE_STRIP = NO;
				DEBUG_INFORMATION_FORMAT = dwarf;
				ENABLE_STRICT_OBJC_MSGSEND = YES;
				ENABLE_TESTABILITY = YES;
				GCC_C_LANGUAGE_STANDARD = gnu11;
				GCC_DYNAMIC_NO_PIC = NO;
				GCC_NO_COMMON_BLOCKS = YES;
				GCC_OPTIMIZATION_LEVEL = 0;
				GCC_PREPROCESSOR_DEFINITIONS = (
					"DEBUG=1",
					"$(inherited)",
				);
				GCC_WARN_64_TO_32_BIT_CONVERSION = YES;
				GCC_WARN_ABOUT_RETURN_TYPE = YES_ERROR;
				GCC_WARN_UNDECLARED_SELECTOR = YES;
				GCC_WARN_UNINITIALIZED_AUTOS = YES_AGGRESSIVE;
				GCC_WARN_UNUSED_FUNCTION = YES;
				GCC_WARN_UNUSED_VARIABLE = YES;
				IPHONEOS_DEPLOYMENT_TARGET = 14.4;
				MTL_ENABLE_DEBUG_INFO = INCLUDE_SOURCE;
				MTL_FAST_MATH = YES;
				ONLY_ACTIVE_ARCH = YES;
				SDKROOT = iphoneos;
				SWIFT_ACTIVE_COMPILATION_CONDITIONS = DEBUG;
				SWIFT_OPTIMIZATION_LEVEL = "-Onone";
			};
			name = Debug;
		};
		4F909CCA25E01B69001B57C0 /* Release */ = {
			isa = XCBuildConfiguration;
			buildSettings = {
				ALWAYS_SEARCH_USER_PATHS = NO;
				CLANG_ANALYZER_NONNULL = YES;
				CLANG_ANALYZER_NUMBER_OBJECT_CONVERSION = YES_AGGRESSIVE;
				CLANG_CXX_LANGUAGE_STANDARD = "gnu++14";
				CLANG_CXX_LIBRARY = "libc++";
				CLANG_ENABLE_MODULES = YES;
				CLANG_ENABLE_OBJC_ARC = YES;
				CLANG_ENABLE_OBJC_WEAK = YES;
				CLANG_WARN_BLOCK_CAPTURE_AUTORELEASING = YES;
				CLANG_WARN_BOOL_CONVERSION = YES;
				CLANG_WARN_COMMA = YES;
				CLANG_WARN_CONSTANT_CONVERSION = YES;
				CLANG_WARN_DEPRECATED_OBJC_IMPLEMENTATIONS = YES;
				CLANG_WARN_DIRECT_OBJC_ISA_USAGE = YES_ERROR;
				CLANG_WARN_DOCUMENTATION_COMMENTS = YES;
				CLANG_WARN_EMPTY_BODY = YES;
				CLANG_WARN_ENUM_CONVERSION = YES;
				CLANG_WARN_INFINITE_RECURSION = YES;
				CLANG_WARN_INT_CONVERSION = YES;
				CLANG_WARN_NON_LITERAL_NULL_CONVERSION = YES;
				CLANG_WARN_OBJC_IMPLICIT_RETAIN_SELF = YES;
				CLANG_WARN_OBJC_LITERAL_CONVERSION = YES;
				CLANG_WARN_OBJC_ROOT_CLASS = YES_ERROR;
				CLANG_WARN_QUOTED_INCLUDE_IN_FRAMEWORK_HEADER = YES;
				CLANG_WARN_RANGE_LOOP_ANALYSIS = YES;
				CLANG_WARN_STRICT_PROTOTYPES = YES;
				CLANG_WARN_SUSPICIOUS_MOVE = YES;
				CLANG_WARN_UNGUARDED_AVAILABILITY = YES_AGGRESSIVE;
				CLANG_WARN_UNREACHABLE_CODE = YES;
				CLANG_WARN__DUPLICATE_METHOD_MATCH = YES;
				COPY_PHASE_STRIP = NO;
				DEBUG_INFORMATION_FORMAT = "dwarf-with-dsym";
				ENABLE_NS_ASSERTIONS = NO;
				ENABLE_STRICT_OBJC_MSGSEND = YES;
				GCC_C_LANGUAGE_STANDARD = gnu11;
				GCC_NO_COMMON_BLOCKS = YES;
				GCC_WARN_64_TO_32_BIT_CONVERSION = YES;
				GCC_WARN_ABOUT_RETURN_TYPE = YES_ERROR;
				GCC_WARN_UNDECLARED_SELECTOR = YES;
				GCC_WARN_UNINITIALIZED_AUTOS = YES_AGGRESSIVE;
				GCC_WARN_UNUSED_FUNCTION = YES;
				GCC_WARN_UNUSED_VARIABLE = YES;
				IPHONEOS_DEPLOYMENT_TARGET = 14.4;
				MTL_ENABLE_DEBUG_INFO = NO;
				MTL_FAST_MATH = YES;
				SDKROOT = iphoneos;
				SWIFT_COMPILATION_MODE = wholemodule;
				SWIFT_OPTIMIZATION_LEVEL = "-O";
				VALIDATE_PRODUCT = YES;
			};
			name = Release;
		};
		4F909CCC25E01B69001B57C0 /* Debug */ = {
			isa = XCBuildConfiguration;
			baseConfigurationReference = 77C17010879747F463B78E2B /* Pods-Pokedex.debug.xcconfig */;
			buildSettings = {
				ASSETCATALOG_COMPILER_APPICON_NAME = AppIcon;
				ASSETCATALOG_COMPILER_GLOBAL_ACCENT_COLOR_NAME = AccentColor;
				CODE_SIGN_STYLE = Automatic;
				DEVELOPMENT_TEAM = 7ER44F92E6;
				INFOPLIST_FILE = Pokedex/Info.plist;
				LD_RUNPATH_SEARCH_PATHS = (
					"$(inherited)",
					"@executable_path/Frameworks",
				);
				PRODUCT_BUNDLE_IDENTIFIER = com.elaniin.Pokedex;
				PRODUCT_NAME = "$(TARGET_NAME)";
				SWIFT_VERSION = 5.0;
				TARGETED_DEVICE_FAMILY = "1,2";
			};
			name = Debug;
		};
		4F909CCD25E01B69001B57C0 /* Release */ = {
			isa = XCBuildConfiguration;
			baseConfigurationReference = F2BB4D0DFE3830E1B0D871CA /* Pods-Pokedex.release.xcconfig */;
			buildSettings = {
				ASSETCATALOG_COMPILER_APPICON_NAME = AppIcon;
				ASSETCATALOG_COMPILER_GLOBAL_ACCENT_COLOR_NAME = AccentColor;
				CODE_SIGN_STYLE = Automatic;
				DEVELOPMENT_TEAM = 7ER44F92E6;
				INFOPLIST_FILE = Pokedex/Info.plist;
				LD_RUNPATH_SEARCH_PATHS = (
					"$(inherited)",
					"@executable_path/Frameworks",
				);
				PRODUCT_BUNDLE_IDENTIFIER = com.elaniin.Pokedex;
				PRODUCT_NAME = "$(TARGET_NAME)";
				SWIFT_VERSION = 5.0;
				TARGETED_DEVICE_FAMILY = "1,2";
			};
			name = Release;
		};
		4F909CCF25E01B69001B57C0 /* Debug */ = {
			isa = XCBuildConfiguration;
			baseConfigurationReference = 9E8055FCA7CF08522C1BC553 /* Pods-PokedexTests.debug.xcconfig */;
			buildSettings = {
				ALWAYS_EMBED_SWIFT_STANDARD_LIBRARIES = YES;
				BUNDLE_LOADER = "$(TEST_HOST)";
				CODE_SIGN_STYLE = Automatic;
				INFOPLIST_FILE = PokedexTests/Info.plist;
				IPHONEOS_DEPLOYMENT_TARGET = 14.4;
				LD_RUNPATH_SEARCH_PATHS = (
					"$(inherited)",
					"@executable_path/Frameworks",
					"@loader_path/Frameworks",
				);
				PRODUCT_BUNDLE_IDENTIFIER = com.elaniin.PokedexTests;
				PRODUCT_NAME = "$(TARGET_NAME)";
				SWIFT_VERSION = 5.0;
				TARGETED_DEVICE_FAMILY = "1,2";
				TEST_HOST = "$(BUILT_PRODUCTS_DIR)/Pokedex.app/Pokedex";
			};
			name = Debug;
		};
		4F909CD025E01B69001B57C0 /* Release */ = {
			isa = XCBuildConfiguration;
			baseConfigurationReference = 2FDC91FBC091465B87BA9B52 /* Pods-PokedexTests.release.xcconfig */;
			buildSettings = {
				ALWAYS_EMBED_SWIFT_STANDARD_LIBRARIES = YES;
				BUNDLE_LOADER = "$(TEST_HOST)";
				CODE_SIGN_STYLE = Automatic;
				INFOPLIST_FILE = PokedexTests/Info.plist;
				IPHONEOS_DEPLOYMENT_TARGET = 14.4;
				LD_RUNPATH_SEARCH_PATHS = (
					"$(inherited)",
					"@executable_path/Frameworks",
					"@loader_path/Frameworks",
				);
				PRODUCT_BUNDLE_IDENTIFIER = com.elaniin.PokedexTests;
				PRODUCT_NAME = "$(TARGET_NAME)";
				SWIFT_VERSION = 5.0;
				TARGETED_DEVICE_FAMILY = "1,2";
				TEST_HOST = "$(BUILT_PRODUCTS_DIR)/Pokedex.app/Pokedex";
			};
			name = Release;
		};
		4F909CD225E01B69001B57C0 /* Debug */ = {
			isa = XCBuildConfiguration;
			baseConfigurationReference = 70BD89BC0D6FD032AAC0DBDD /* Pods-Pokedex-PokedexUITests.debug.xcconfig */;
			buildSettings = {
				ALWAYS_EMBED_SWIFT_STANDARD_LIBRARIES = YES;
				CODE_SIGN_STYLE = Automatic;
				INFOPLIST_FILE = PokedexUITests/Info.plist;
				LD_RUNPATH_SEARCH_PATHS = (
					"$(inherited)",
					"@executable_path/Frameworks",
					"@loader_path/Frameworks",
				);
				PRODUCT_BUNDLE_IDENTIFIER = com.elaniin.PokedexUITests;
				PRODUCT_NAME = "$(TARGET_NAME)";
				SWIFT_VERSION = 5.0;
				TARGETED_DEVICE_FAMILY = "1,2";
				TEST_TARGET_NAME = Pokedex;
			};
			name = Debug;
		};
		4F909CD325E01B69001B57C0 /* Release */ = {
			isa = XCBuildConfiguration;
			baseConfigurationReference = 1A071FCD95FBAFEEB171EC02 /* Pods-Pokedex-PokedexUITests.release.xcconfig */;
			buildSettings = {
				ALWAYS_EMBED_SWIFT_STANDARD_LIBRARIES = YES;
				CODE_SIGN_STYLE = Automatic;
				INFOPLIST_FILE = PokedexUITests/Info.plist;
				LD_RUNPATH_SEARCH_PATHS = (
					"$(inherited)",
					"@executable_path/Frameworks",
					"@loader_path/Frameworks",
				);
				PRODUCT_BUNDLE_IDENTIFIER = com.elaniin.PokedexUITests;
				PRODUCT_NAME = "$(TARGET_NAME)";
				SWIFT_VERSION = 5.0;
				TARGETED_DEVICE_FAMILY = "1,2";
				TEST_TARGET_NAME = Pokedex;
			};
			name = Release;
		};
/* End XCBuildConfiguration section */

/* Begin XCConfigurationList section */
		4F909C9C25E01B68001B57C0 /* Build configuration list for PBXProject "Pokedex" */ = {
			isa = XCConfigurationList;
			buildConfigurations = (
				4F909CC925E01B69001B57C0 /* Debug */,
				4F909CCA25E01B69001B57C0 /* Release */,
			);
			defaultConfigurationIsVisible = 0;
			defaultConfigurationName = Release;
		};
		4F909CCB25E01B69001B57C0 /* Build configuration list for PBXNativeTarget "Pokedex" */ = {
			isa = XCConfigurationList;
			buildConfigurations = (
				4F909CCC25E01B69001B57C0 /* Debug */,
				4F909CCD25E01B69001B57C0 /* Release */,
			);
			defaultConfigurationIsVisible = 0;
			defaultConfigurationName = Release;
		};
		4F909CCE25E01B69001B57C0 /* Build configuration list for PBXNativeTarget "PokedexTests" */ = {
			isa = XCConfigurationList;
			buildConfigurations = (
				4F909CCF25E01B69001B57C0 /* Debug */,
				4F909CD025E01B69001B57C0 /* Release */,
			);
			defaultConfigurationIsVisible = 0;
			defaultConfigurationName = Release;
		};
		4F909CD125E01B69001B57C0 /* Build configuration list for PBXNativeTarget "PokedexUITests" */ = {
			isa = XCConfigurationList;
			buildConfigurations = (
				4F909CD225E01B69001B57C0 /* Debug */,
				4F909CD325E01B69001B57C0 /* Release */,
			);
			defaultConfigurationIsVisible = 0;
			defaultConfigurationName = Release;
		};
/* End XCConfigurationList section */
	};
	rootObject = 4F909C9925E01B68001B57C0 /* Project object */;
}
